// !$*UTF8*$!
{
	archiveVersion = 1;
	classes = {
	};
	objectVersion = 56;
	objects = {

/* Begin PBXBuildFile section */
		57656F032D3E3A3500A78D9B /* Looter_AppApp.swift in Sources */ = {isa = PBXBuildFile; fileRef = 57656F022D3E3A3500A78D9B /* Looter_AppApp.swift */; };
		57656F052D3E3A3500A78D9B /* ContentView.swift in Sources */ = {isa = PBXBuildFile; fileRef = 57656F042D3E3A3500A78D9B /* ContentView.swift */; };
		57656F072D3E3A3600A78D9B /* Assets.xcassets in Resources */ = {isa = PBXBuildFile; fileRef = 57656F062D3E3A3600A78D9B /* Assets.xcassets */; };
		57656F0A2D3E3A3600A78D9B /* Preview Assets.xcassets in Resources */ = {isa = PBXBuildFile; fileRef = 57656F092D3E3A3600A78D9B /* Preview Assets.xcassets */; };
		57656F142D3E3A3600A78D9B /* Looter_AppTests.swift in Sources */ = {isa = PBXBuildFile; fileRef = 57656F132D3E3A3600A78D9B /* Looter_AppTests.swift */; };
		57656F1E2D3E3A3700A78D9B /* Looter_AppUITests.swift in Sources */ = {isa = PBXBuildFile; fileRef = 57656F1D2D3E3A3700A78D9B /* Looter_AppUITests.swift */; };
		57656F202D3E3A3700A78D9B /* Looter_AppUITestsLaunchTests.swift in Sources */ = {isa = PBXBuildFile; fileRef = 57656F1F2D3E3A3700A78D9B /* Looter_AppUITestsLaunchTests.swift */; };
		57656F2F2D3E4EE200A78D9B /* AddItemView.swift in Sources */ = {isa = PBXBuildFile; fileRef = 57656F2E2D3E4EE200A78D9B /* AddItemView.swift */; };
		57656F312D3E777600A78D9B /* LootItem.swift in Sources */ = {isa = PBXBuildFile; fileRef = 57656F302D3E777600A78D9B /* LootItem.swift */; };
		57656F332D3E7F8200A78D9B /* Game.swift in Sources */ = {isa = PBXBuildFile; fileRef = 57656F322D3E7F8200A78D9B /* Game.swift */; };
/* End PBXBuildFile section */

/* Begin PBXContainerItemProxy section */
		57656F102D3E3A3600A78D9B /* PBXContainerItemProxy */ = {
			isa = PBXContainerItemProxy;
			containerPortal = 57656EF72D3E3A3500A78D9B /* Project object */;
			proxyType = 1;
			remoteGlobalIDString = 57656EFE2D3E3A3500A78D9B;
			remoteInfo = "Looter App";
		};
		57656F1A2D3E3A3700A78D9B /* PBXContainerItemProxy */ = {
			isa = PBXContainerItemProxy;
			containerPortal = 57656EF72D3E3A3500A78D9B /* Project object */;
			proxyType = 1;
			remoteGlobalIDString = 57656EFE2D3E3A3500A78D9B;
			remoteInfo = "Looter App";
		};
/* End PBXContainerItemProxy section */

/* Begin PBXFileReference section */
		57656EFF2D3E3A3500A78D9B /* Looter App.app */ = {isa = PBXFileReference; explicitFileType = wrapper.application; includeInIndex = 0; path = "Looter App.app"; sourceTree = BUILT_PRODUCTS_DIR; };
		57656F022D3E3A3500A78D9B /* Looter_AppApp.swift */ = {isa = PBXFileReference; lastKnownFileType = sourcecode.swift; path = Looter_AppApp.swift; sourceTree = "<group>"; };
		57656F042D3E3A3500A78D9B /* ContentView.swift */ = {isa = PBXFileReference; lastKnownFileType = sourcecode.swift; path = ContentView.swift; sourceTree = "<group>"; };
		57656F062D3E3A3600A78D9B /* Assets.xcassets */ = {isa = PBXFileReference; lastKnownFileType = folder.assetcatalog; path = Assets.xcassets; sourceTree = "<group>"; };
		57656F092D3E3A3600A78D9B /* Preview Assets.xcassets */ = {isa = PBXFileReference; lastKnownFileType = folder.assetcatalog; path = "Preview Assets.xcassets"; sourceTree = "<group>"; };
		57656F0F2D3E3A3600A78D9B /* Looter AppTests.xctest */ = {isa = PBXFileReference; explicitFileType = wrapper.cfbundle; includeInIndex = 0; path = "Looter AppTests.xctest"; sourceTree = BUILT_PRODUCTS_DIR; };
		57656F132D3E3A3600A78D9B /* Looter_AppTests.swift */ = {isa = PBXFileReference; lastKnownFileType = sourcecode.swift; path = Looter_AppTests.swift; sourceTree = "<group>"; };
		57656F192D3E3A3600A78D9B /* Looter AppUITests.xctest */ = {isa = PBXFileReference; explicitFileType = wrapper.cfbundle; includeInIndex = 0; path = "Looter AppUITests.xctest"; sourceTree = BUILT_PRODUCTS_DIR; };
		57656F1D2D3E3A3700A78D9B /* Looter_AppUITests.swift */ = {isa = PBXFileReference; lastKnownFileType = sourcecode.swift; path = Looter_AppUITests.swift; sourceTree = "<group>"; };
		57656F1F2D3E3A3700A78D9B /* Looter_AppUITestsLaunchTests.swift */ = {isa = PBXFileReference; lastKnownFileType = sourcecode.swift; path = Looter_AppUITestsLaunchTests.swift; sourceTree = "<group>"; };
		57656F2E2D3E4EE200A78D9B /* AddItemView.swift */ = {isa = PBXFileReference; lastKnownFileType = sourcecode.swift; path = AddItemView.swift; sourceTree = "<group>"; };
		57656F302D3E777600A78D9B /* LootItem.swift */ = {isa = PBXFileReference; lastKnownFileType = sourcecode.swift; path = LootItem.swift; sourceTree = "<group>"; };
		57656F322D3E7F8200A78D9B /* Game.swift */ = {isa = PBXFileReference; lastKnownFileType = sourcecode.swift; path = Game.swift; sourceTree = "<group>"; };
/* End PBXFileReference section */

/* Begin PBXFrameworksBuildPhase section */
		57656EFC2D3E3A3500A78D9B /* Frameworks */ = {
			isa = PBXFrameworksBuildPhase;
			buildActionMask = 2147483647;
			files = (
			);
			runOnlyForDeploymentPostprocessing = 0;
		};
		57656F0C2D3E3A3600A78D9B /* Frameworks */ = {
			isa = PBXFrameworksBuildPhase;
			buildActionMask = 2147483647;
			files = (
			);
			runOnlyForDeploymentPostprocessing = 0;
		};
		57656F162D3E3A3600A78D9B /* Frameworks */ = {
			isa = PBXFrameworksBuildPhase;
			buildActionMask = 2147483647;
			files = (
			);
			runOnlyForDeploymentPostprocessing = 0;
		};
/* End PBXFrameworksBuildPhase section */

/* Begin PBXGroup section */
		57656EF62D3E3A3500A78D9B = {
			isa = PBXGroup;
			children = (
				57656F012D3E3A3500A78D9B /* Looter App */,
				57656F122D3E3A3600A78D9B /* Looter AppTests */,
				57656F1C2D3E3A3700A78D9B /* Looter AppUITests */,
				57656F002D3E3A3500A78D9B /* Products */,
			);
			sourceTree = "<group>";
		};
		57656F002D3E3A3500A78D9B /* Products */ = {
			isa = PBXGroup;
			children = (
				57656EFF2D3E3A3500A78D9B /* Looter App.app */,
				57656F0F2D3E3A3600A78D9B /* Looter AppTests.xctest */,
				57656F192D3E3A3600A78D9B /* Looter AppUITests.xctest */,
			);
			name = Products;
			sourceTree = "<group>";
		};
		57656F012D3E3A3500A78D9B /* Looter App */ = {
			isa = PBXGroup;
			children = (
				57656F022D3E3A3500A78D9B /* Looter_AppApp.swift */,
				57656F042D3E3A3500A78D9B /* ContentView.swift */,
				57656F2E2D3E4EE200A78D9B /* AddItemView.swift */,
				57656F322D3E7F8200A78D9B /* Game.swift */,
				57656F302D3E777600A78D9B /* LootItem.swift */,
				57656F062D3E3A3600A78D9B /* Assets.xcassets */,
				57656F082D3E3A3600A78D9B /* Preview Content */,
			);
			path = "Looter App";
			sourceTree = "<group>";
		};
		57656F082D3E3A3600A78D9B /* Preview Content */ = {
			isa = PBXGroup;
			children = (
				57656F092D3E3A3600A78D9B /* Preview Assets.xcassets */,
			);
			path = "Preview Content";
			sourceTree = "<group>";
		};
		57656F122D3E3A3600A78D9B /* Looter AppTests */ = {
			isa = PBXGroup;
			children = (
				57656F132D3E3A3600A78D9B /* Looter_AppTests.swift */,
			);
			path = "Looter AppTests";
			sourceTree = "<group>";
		};
		57656F1C2D3E3A3700A78D9B /* Looter AppUITests */ = {
			isa = PBXGroup;
			children = (
				57656F1D2D3E3A3700A78D9B /* Looter_AppUITests.swift */,
				57656F1F2D3E3A3700A78D9B /* Looter_AppUITestsLaunchTests.swift */,
			);
			path = "Looter AppUITests";
			sourceTree = "<group>";
		};
/* End PBXGroup section */

/* Begin PBXNativeTarget section */
		57656EFE2D3E3A3500A78D9B /* Looter App */ = {
			isa = PBXNativeTarget;
			buildConfigurationList = 57656F232D3E3A3700A78D9B /* Build configuration list for PBXNativeTarget "Looter App" */;
			buildPhases = (
				57656EFB2D3E3A3500A78D9B /* Sources */,
				57656EFC2D3E3A3500A78D9B /* Frameworks */,
				57656EFD2D3E3A3500A78D9B /* Resources */,
			);
			buildRules = (
			);
			dependencies = (
			);
			name = "Looter App";
			productName = "Looter App";
			productReference = 57656EFF2D3E3A3500A78D9B /* Looter App.app */;
			productType = "com.apple.product-type.application";
		};
		57656F0E2D3E3A3600A78D9B /* Looter AppTests */ = {
			isa = PBXNativeTarget;
			buildConfigurationList = 57656F262D3E3A3700A78D9B /* Build configuration list for PBXNativeTarget "Looter AppTests" */;
			buildPhases = (
				57656F0B2D3E3A3600A78D9B /* Sources */,
				57656F0C2D3E3A3600A78D9B /* Frameworks */,
				57656F0D2D3E3A3600A78D9B /* Resources */,
			);
			buildRules = (
			);
			dependencies = (
				57656F112D3E3A3600A78D9B /* PBXTargetDependency */,
			);
			name = "Looter AppTests";
			productName = "Looter AppTests";
			productReference = 57656F0F2D3E3A3600A78D9B /* Looter AppTests.xctest */;
			productType = "com.apple.product-type.bundle.unit-test";
		};
		57656F182D3E3A3600A78D9B /* Looter AppUITests */ = {
			isa = PBXNativeTarget;
			buildConfigurationList = 57656F292D3E3A3700A78D9B /* Build configuration list for PBXNativeTarget "Looter AppUITests" */;
			buildPhases = (
				57656F152D3E3A3600A78D9B /* Sources */,
				57656F162D3E3A3600A78D9B /* Frameworks */,
				57656F172D3E3A3600A78D9B /* Resources */,
			);
			buildRules = (
			);
			dependencies = (
				57656F1B2D3E3A3700A78D9B /* PBXTargetDependency */,
			);
			name = "Looter AppUITests";
			productName = "Looter AppUITests";
			productReference = 57656F192D3E3A3600A78D9B /* Looter AppUITests.xctest */;
			productType = "com.apple.product-type.bundle.ui-testing";
		};
/* End PBXNativeTarget section */

/* Begin PBXProject section */
		57656EF72D3E3A3500A78D9B /* Project object */ = {
			isa = PBXProject;
			attributes = {
				BuildIndependentTargetsInParallel = 1;
				LastSwiftUpdateCheck = 1500;
				LastUpgradeCheck = 1500;
				TargetAttributes = {
					57656EFE2D3E3A3500A78D9B = {
						CreatedOnToolsVersion = 15.0.1;
					};
					57656F0E2D3E3A3600A78D9B = {
						CreatedOnToolsVersion = 15.0.1;
						TestTargetID = 57656EFE2D3E3A3500A78D9B;
					};
					57656F182D3E3A3600A78D9B = {
						CreatedOnToolsVersion = 15.0.1;
						TestTargetID = 57656EFE2D3E3A3500A78D9B;
					};
				};
			};
			buildConfigurationList = 57656EFA2D3E3A3500A78D9B /* Build configuration list for PBXProject "Looter App" */;
			compatibilityVersion = "Xcode 14.0";
			developmentRegion = en;
			hasScannedForEncodings = 0;
			knownRegions = (
				en,
				Base,
			);
			mainGroup = 57656EF62D3E3A3500A78D9B;
			productRefGroup = 57656F002D3E3A3500A78D9B /* Products */;
			projectDirPath = "";
			projectRoot = "";
			targets = (
				57656EFE2D3E3A3500A78D9B /* Looter App */,
				57656F0E2D3E3A3600A78D9B /* Looter AppTests */,
				57656F182D3E3A3600A78D9B /* Looter AppUITests */,
			);
		};
/* End PBXProject section */

/* Begin PBXResourcesBuildPhase section */
		57656EFD2D3E3A3500A78D9B /* Resources */ = {
			isa = PBXResourcesBuildPhase;
			buildActionMask = 2147483647;
			files = (
				57656F0A2D3E3A3600A78D9B /* Preview Assets.xcassets in Resources */,
				57656F072D3E3A3600A78D9B /* Assets.xcassets in Resources */,
			);
			runOnlyForDeploymentPostprocessing = 0;
		};
		57656F0D2D3E3A3600A78D9B /* Resources */ = {
			isa = PBXResourcesBuildPhase;
			buildActionMask = 2147483647;
			files = (
			);
			runOnlyForDeploymentPostprocessing = 0;
		};
		57656F172D3E3A3600A78D9B /* Resources */ = {
			isa = PBXResourcesBuildPhase;
			buildActionMask = 2147483647;
			files = (
			);
			runOnlyForDeploymentPostprocessing = 0;
		};
/* End PBXResourcesBuildPhase section */

/* Begin PBXSourcesBuildPhase section */
		57656EFB2D3E3A3500A78D9B /* Sources */ = {
			isa = PBXSourcesBuildPhase;
			buildActionMask = 2147483647;
			files = (
				57656F052D3E3A3500A78D9B /* ContentView.swift in Sources */,
				57656F332D3E7F8200A78D9B /* Game.swift in Sources */,
				57656F2F2D3E4EE200A78D9B /* AddItemView.swift in Sources */,
				57656F312D3E777600A78D9B /* LootItem.swift in Sources */,
				57656F032D3E3A3500A78D9B /* Looter_AppApp.swift in Sources */,
			);
			runOnlyForDeploymentPostprocessing = 0;
		};
		57656F0B2D3E3A3600A78D9B /* Sources */ = {
			isa = PBXSourcesBuildPhase;
			buildActionMask = 2147483647;
			files = (
				57656F142D3E3A3600A78D9B /* Looter_AppTests.swift in Sources */,
			);
			runOnlyForDeploymentPostprocessing = 0;
		};
		57656F152D3E3A3600A78D9B /* Sources */ = {
			isa = PBXSourcesBuildPhase;
			buildActionMask = 2147483647;
			files = (
				57656F1E2D3E3A3700A78D9B /* Looter_AppUITests.swift in Sources */,
				57656F202D3E3A3700A78D9B /* Looter_AppUITestsLaunchTests.swift in Sources */,
			);
			runOnlyForDeploymentPostprocessing = 0;
		};
/* End PBXSourcesBuildPhase section */

/* Begin PBXTargetDependency section */
		57656F112D3E3A3600A78D9B /* PBXTargetDependency */ = {
			isa = PBXTargetDependency;
			target = 57656EFE2D3E3A3500A78D9B /* Looter App */;
			targetProxy = 57656F102D3E3A3600A78D9B /* PBXContainerItemProxy */;
		};
		57656F1B2D3E3A3700A78D9B /* PBXTargetDependency */ = {
			isa = PBXTargetDependency;
			target = 57656EFE2D3E3A3500A78D9B /* Looter App */;
			targetProxy = 57656F1A2D3E3A3700A78D9B /* PBXContainerItemProxy */;
		};
/* End PBXTargetDependency section */

/* Begin XCBuildConfiguration section */
		57656F212D3E3A3700A78D9B /* Debug */ = {
			isa = XCBuildConfiguration;
			buildSettings = {
				ALWAYS_SEARCH_USER_PATHS = NO;
				ASSETCATALOG_COMPILER_GENERATE_SWIFT_ASSET_SYMBOL_EXTENSIONS = YES;
				CLANG_ANALYZER_NONNULL = YES;
				CLANG_ANALYZER_NUMBER_OBJECT_CONVERSION = YES_AGGRESSIVE;
				CLANG_CXX_LANGUAGE_STANDARD = "gnu++20";
				CLANG_ENABLE_MODULES = YES;
				CLANG_ENABLE_OBJC_ARC = YES;
				CLANG_ENABLE_OBJC_WEAK = YES;
				CLANG_WARN_BLOCK_CAPTURE_AUTORELEASING = YES;
				CLANG_WARN_BOOL_CONVERSION = YES;
				CLANG_WARN_COMMA = YES;
				CLANG_WARN_CONSTANT_CONVERSION = YES;
				CLANG_WARN_DEPRECATED_OBJC_IMPLEMENTATIONS = YES;
				CLANG_WARN_DIRECT_OBJC_ISA_USAGE = YES_ERROR;
				CLANG_WARN_DOCUMENTATION_COMMENTS = YES;
				CLANG_WARN_EMPTY_BODY = YES;
				CLANG_WARN_ENUM_CONVERSION = YES;
				CLANG_WARN_INFINITE_RECURSION = YES;
				CLANG_WARN_INT_CONVERSION = YES;
				CLANG_WARN_NON_LITERAL_NULL_CONVERSION = YES;
				CLANG_WARN_OBJC_IMPLICIT_RETAIN_SELF = YES;
				CLANG_WARN_OBJC_LITERAL_CONVERSION = YES;
				CLANG_WARN_OBJC_ROOT_CLASS = YES_ERROR;
				CLANG_WARN_QUOTED_INCLUDE_IN_FRAMEWORK_HEADER = YES;
				CLANG_WARN_RANGE_LOOP_ANALYSIS = YES;
				CLANG_WARN_STRICT_PROTOTYPES = YES;
				CLANG_WARN_SUSPICIOUS_MOVE = YES;
				CLANG_WARN_UNGUARDED_AVAILABILITY = YES_AGGRESSIVE;
				CLANG_WARN_UNREACHABLE_CODE = YES;
				CLANG_WARN__DUPLICATE_METHOD_MATCH = YES;
				COPY_PHASE_STRIP = NO;
				DEBUG_INFORMATION_FORMAT = dwarf;
				ENABLE_STRICT_OBJC_MSGSEND = YES;
				ENABLE_TESTABILITY = YES;
				ENABLE_USER_SCRIPT_SANDBOXING = YES;
				GCC_C_LANGUAGE_STANDARD = gnu17;
				GCC_DYNAMIC_NO_PIC = NO;
				GCC_NO_COMMON_BLOCKS = YES;
				GCC_OPTIMIZATION_LEVEL = 0;
				GCC_PREPROCESSOR_DEFINITIONS = (
					"DEBUG=1",
					"$(inherited)",
				);
				GCC_WARN_64_TO_32_BIT_CONVERSION = YES;
				GCC_WARN_ABOUT_RETURN_TYPE = YES_ERROR;
				GCC_WARN_UNDECLARED_SELECTOR = YES;
				GCC_WARN_UNINITIALIZED_AUTOS = YES_AGGRESSIVE;
				GCC_WARN_UNUSED_FUNCTION = YES;
				GCC_WARN_UNUSED_VARIABLE = YES;
				IPHONEOS_DEPLOYMENT_TARGET = 17.0;
				LOCALIZATION_PREFERS_STRING_CATALOGS = YES;
				MTL_ENABLE_DEBUG_INFO = INCLUDE_SOURCE;
				MTL_FAST_MATH = YES;
				ONLY_ACTIVE_ARCH = YES;
				SDKROOT = iphoneos;
				SWIFT_ACTIVE_COMPILATION_CONDITIONS = "DEBUG $(inherited)";
				SWIFT_OPTIMIZATION_LEVEL = "-Onone";
			};
			name = Debug;
		};
		57656F222D3E3A3700A78D9B /* Release */ = {
			isa = XCBuildConfiguration;
			buildSettings = {
				ALWAYS_SEARCH_USER_PATHS = NO;
				ASSETCATALOG_COMPILER_GENERATE_SWIFT_ASSET_SYMBOL_EXTENSIONS = YES;
				CLANG_ANALYZER_NONNULL = YES;
				CLANG_ANALYZER_NUMBER_OBJECT_CONVERSION = YES_AGGRESSIVE;
				CLANG_CXX_LANGUAGE_STANDARD = "gnu++20";
				CLANG_ENABLE_MODULES = YES;
				CLANG_ENABLE_OBJC_ARC = YES;
				CLANG_ENABLE_OBJC_WEAK = YES;
				CLANG_WARN_BLOCK_CAPTURE_AUTORELEASING = YES;
				CLANG_WARN_BOOL_CONVERSION = YES;
				CLANG_WARN_COMMA = YES;
				CLANG_WARN_CONSTANT_CONVERSION = YES;
				CLANG_WARN_DEPRECATED_OBJC_IMPLEMENTATIONS = YES;
				CLANG_WARN_DIRECT_OBJC_ISA_USAGE = YES_ERROR;
				CLANG_WARN_DOCUMENTATION_COMMENTS = YES;
				CLANG_WARN_EMPTY_BODY = YES;
				CLANG_WARN_ENUM_CONVERSION = YES;
				CLANG_WARN_INFINITE_RECURSION = YES;
				CLANG_WARN_INT_CONVERSION = YES;
				CLANG_WARN_NON_LITERAL_NULL_CONVERSION = YES;
				CLANG_WARN_OBJC_IMPLICIT_RETAIN_SELF = YES;
				CLANG_WARN_OBJC_LITERAL_CONVERSION = YES;
				CLANG_WARN_OBJC_ROOT_CLASS = YES_ERROR;
				CLANG_WARN_QUOTED_INCLUDE_IN_FRAMEWORK_HEADER = YES;
				CLANG_WARN_RANGE_LOOP_ANALYSIS = YES;
				CLANG_WARN_STRICT_PROTOTYPES = YES;
				CLANG_WARN_SUSPICIOUS_MOVE = YES;
				CLANG_WARN_UNGUARDED_AVAILABILITY = YES_AGGRESSIVE;
				CLANG_WARN_UNREACHABLE_CODE = YES;
				CLANG_WARN__DUPLICATE_METHOD_MATCH = YES;
				COPY_PHASE_STRIP = NO;
				DEBUG_INFORMATION_FORMAT = "dwarf-with-dsym";
				ENABLE_NS_ASSERTIONS = NO;
				ENABLE_STRICT_OBJC_MSGSEND = YES;
				ENABLE_USER_SCRIPT_SANDBOXING = YES;
				GCC_C_LANGUAGE_STANDARD = gnu17;
				GCC_NO_COMMON_BLOCKS = YES;
				GCC_WARN_64_TO_32_BIT_CONVERSION = YES;
				GCC_WARN_ABOUT_RETURN_TYPE = YES_ERROR;
				GCC_WARN_UNDECLARED_SELECTOR = YES;
				GCC_WARN_UNINITIALIZED_AUTOS = YES_AGGRESSIVE;
				GCC_WARN_UNUSED_FUNCTION = YES;
				GCC_WARN_UNUSED_VARIABLE = YES;
				IPHONEOS_DEPLOYMENT_TARGET = 17.0;
				LOCALIZATION_PREFERS_STRING_CATALOGS = YES;
				MTL_ENABLE_DEBUG_INFO = NO;
				MTL_FAST_MATH = YES;
				SDKROOT = iphoneos;
				SWIFT_COMPILATION_MODE = wholemodule;
				VALIDATE_PRODUCT = YES;
			};
			name = Release;
		};
		57656F242D3E3A3700A78D9B /* Debug */ = {
			isa = XCBuildConfiguration;
			buildSettings = {
				ASSETCATALOG_COMPILER_APPICON_NAME = AppIcon;
				ASSETCATALOG_COMPILER_GLOBAL_ACCENT_COLOR_NAME = AccentColor;
				CODE_SIGN_STYLE = Automatic;
				CURRENT_PROJECT_VERSION = 1;
				DEVELOPMENT_ASSET_PATHS = "\"Looter App/Preview Content\"";
				ENABLE_PREVIEWS = YES;
				GENERATE_INFOPLIST_FILE = YES;
				INFOPLIST_KEY_UIApplicationSceneManifest_Generation = YES;
				INFOPLIST_KEY_UIApplicationSupportsIndirectInputEvents = YES;
				INFOPLIST_KEY_UILaunchScreen_Generation = YES;
				INFOPLIST_KEY_UISupportedInterfaceOrientations_iPad = "UIInterfaceOrientationPortrait UIInterfaceOrientationPortraitUpsideDown UIInterfaceOrientationLandscapeLeft UIInterfaceOrientationLandscapeRight";
				INFOPLIST_KEY_UISupportedInterfaceOrientations_iPhone = "UIInterfaceOrientationPortrait UIInterfaceOrientationLandscapeLeft UIInterfaceOrientationLandscapeRight";
				LD_RUNPATH_SEARCH_PATHS = (
					"$(inherited)",
					"@executable_path/Frameworks",
				);
				MARKETING_VERSION = 1.0;
				PRODUCT_BUNDLE_IDENTIFIER = "App.Looter-App";
				PRODUCT_NAME = "$(TARGET_NAME)";
				SWIFT_EMIT_LOC_STRINGS = YES;
				SWIFT_VERSION = 5.0;
				TARGETED_DEVICE_FAMILY = "1,2";
			};
			name = Debug;
		};
		57656F252D3E3A3700A78D9B /* Release */ = {
			isa = XCBuildConfiguration;
			buildSettings = {
				ASSETCATALOG_COMPILER_APPICON_NAME = AppIcon;
				ASSETCATALOG_COMPILER_GLOBAL_ACCENT_COLOR_NAME = AccentColor;
				CODE_SIGN_STYLE = Automatic;
				CURRENT_PROJECT_VERSION = 1;
				DEVELOPMENT_ASSET_PATHS = "\"Looter App/Preview Content\"";
				ENABLE_PREVIEWS = YES;
				GENERATE_INFOPLIST_FILE = YES;
				INFOPLIST_KEY_UIApplicationSceneManifest_Generation = YES;
				INFOPLIST_KEY_UIApplicationSupportsIndirectInputEvents = YES;
				INFOPLIST_KEY_UILaunchScreen_Generation = YES;
				INFOPLIST_KEY_UISupportedInterfaceOrientations_iPad = "UIInterfaceOrientationPortrait UIInterfaceOrientationPortraitUpsideDown UIInterfaceOrientationLandscapeLeft UIInterfaceOrientationLandscapeRight";
				INFOPLIST_KEY_UISupportedInterfaceOrientations_iPhone = "UIInterfaceOrientationPortrait UIInterfaceOrientationLandscapeLeft UIInterfaceOrientationLandscapeRight";
				LD_RUNPATH_SEARCH_PATHS = (
					"$(inherited)",
					"@executable_path/Frameworks",
				);
				MARKETING_VERSION = 1.0;
				PRODUCT_BUNDLE_IDENTIFIER = "App.Looter-App";
				PRODUCT_NAME = "$(TARGET_NAME)";
				SWIFT_EMIT_LOC_STRINGS = YES;
				SWIFT_VERSION = 5.0;
				TARGETED_DEVICE_FAMILY = "1,2";
			};
			name = Release;
		};
		57656F272D3E3A3700A78D9B /* Debug */ = {
			isa = XCBuildConfiguration;
			buildSettings = {
				ALWAYS_EMBED_SWIFT_STANDARD_LIBRARIES = YES;
				BUNDLE_LOADER = "$(TEST_HOST)";
				CODE_SIGN_STYLE = Automatic;
				CURRENT_PROJECT_VERSION = 1;
				GENERATE_INFOPLIST_FILE = YES;
				IPHONEOS_DEPLOYMENT_TARGET = 17.0;
				MARKETING_VERSION = 1.0;
				PRODUCT_BUNDLE_IDENTIFIER = "App.Looter-AppTests";
				PRODUCT_NAME = "$(TARGET_NAME)";
				SWIFT_EMIT_LOC_STRINGS = NO;
				SWIFT_VERSION = 5.0;
				TARGETED_DEVICE_FAMILY = "1,2";
				TEST_HOST = "$(BUILT_PRODUCTS_DIR)/Looter App.app/$(BUNDLE_EXECUTABLE_FOLDER_PATH)/Looter App";
			};
			name = Debug;
		};
		57656F282D3E3A3700A78D9B /* Release */ = {
			isa = XCBuildConfiguration;
			buildSettings = {
				ALWAYS_EMBED_SWIFT_STANDARD_LIBRARIES = YES;
				BUNDLE_LOADER = "$(TEST_HOST)";
				CODE_SIGN_STYLE = Automatic;
				CURRENT_PROJECT_VERSION = 1;
				GENERATE_INFOPLIST_FILE = YES;
				IPHONEOS_DEPLOYMENT_TARGET = 17.0;
				MARKETING_VERSION = 1.0;
				PRODUCT_BUNDLE_IDENTIFIER = "App.Looter-AppTests";
				PRODUCT_NAME = "$(TARGET_NAME)";
				SWIFT_EMIT_LOC_STRINGS = NO;
				SWIFT_VERSION = 5.0;
				TARGETED_DEVICE_FAMILY = "1,2";
				TEST_HOST = "$(BUILT_PRODUCTS_DIR)/Looter App.app/$(BUNDLE_EXECUTABLE_FOLDER_PATH)/Looter App";
			};
			name = Release;
		};
		57656F2A2D3E3A3700A78D9B /* Debug */ = {
			isa = XCBuildConfiguration;
			buildSettings = {
				ALWAYS_EMBED_SWIFT_STANDARD_LIBRARIES = YES;
				CODE_SIGN_STYLE = Automatic;
				CURRENT_PROJECT_VERSION = 1;
				GENERATE_INFOPLIST_FILE = YES;
				MARKETING_VERSION = 1.0;
				PRODUCT_BUNDLE_IDENTIFIER = "App.Looter-AppUITests";
				PRODUCT_NAME = "$(TARGET_NAME)";
				SWIFT_EMIT_LOC_STRINGS = NO;
				SWIFT_VERSION = 5.0;
				TARGETED_DEVICE_FAMILY = "1,2";
				TEST_TARGET_NAME = "Looter App";
			};
			name = Debug;
		};
		57656F2B2D3E3A3700A78D9B /* Release */ = {
			isa = XCBuildConfiguration;
			buildSettings = {
				ALWAYS_EMBED_SWIFT_STANDARD_LIBRARIES = YES;
				CODE_SIGN_STYLE = Automatic;
				CURRENT_PROJECT_VERSION = 1;
				GENERATE_INFOPLIST_FILE = YES;
				MARKETING_VERSION = 1.0;
				PRODUCT_BUNDLE_IDENTIFIER = "App.Looter-AppUITests";
				PRODUCT_NAME = "$(TARGET_NAME)";
				SWIFT_EMIT_LOC_STRINGS = NO;
				SWIFT_VERSION = 5.0;
				TARGETED_DEVICE_FAMILY = "1,2";
				TEST_TARGET_NAME = "Looter App";
			};
			name = Release;
		};
/* End XCBuildConfiguration section */

/* Begin XCConfigurationList section */
		57656EFA2D3E3A3500A78D9B /* Build configuration list for PBXProject "Looter App" */ = {
			isa = XCConfigurationList;
			buildConfigurations = (
				57656F212D3E3A3700A78D9B /* Debug */,
				57656F222D3E3A3700A78D9B /* Release */,
			);
			defaultConfigurationIsVisible = 0;
			defaultConfigurationName = Release;
		};
		57656F232D3E3A3700A78D9B /* Build configuration list for PBXNativeTarget "Looter App" */ = {
			isa = XCConfigurationList;
			buildConfigurations = (
				57656F242D3E3A3700A78D9B /* Debug */,
				57656F252D3E3A3700A78D9B /* Release */,
			);
			defaultConfigurationIsVisible = 0;
			defaultConfigurationName = Release;
		};
		57656F262D3E3A3700A78D9B /* Build configuration list for PBXNativeTarget "Looter AppTests" */ = {
			isa = XCConfigurationList;
			buildConfigurations = (
				57656F272D3E3A3700A78D9B /* Debug */,
				57656F282D3E3A3700A78D9B /* Release */,
			);
			defaultConfigurationIsVisible = 0;
			defaultConfigurationName = Release;
		};
		57656F292D3E3A3700A78D9B /* Build configuration list for PBXNativeTarget "Looter AppUITests" */ = {
			isa = XCConfigurationList;
			buildConfigurations = (
				57656F2A2D3E3A3700A78D9B /* Debug */,
				57656F2B2D3E3A3700A78D9B /* Release */,
			);
			defaultConfigurationIsVisible = 0;
			defaultConfigurationName = Release;
		};
/* End XCConfigurationList section */
	};
	rootObject = 57656EF72D3E3A3500A78D9B /* Project object */;
}
